
Microsoft Visual Studio Solution File, Format Version 12.00
# Visual Studio 15
VisualStudioVersion = 15.0.26430.13
MinimumVisualStudioVersion = 10.0.40219.1
Project("{9A19103F-16F7-4668-BE54-9A1E7A4F7556}") = "Interview", "Interview\Interview.csproj", "{ECC25D0D-A520-41D3-AF6E-CE56043A6AD3}"
EndProject
Project("{FAE04EC0-301F-11D3-BF4B-00C04F79EFBC}") = "Interview.Tests", "Interview.Tests\Interview.Tests.csproj", "{5C61CBB5-7032-4714-97BC-92D470A44709}"
EndProject
Global
	GlobalSection(SolutionConfigurationPlatforms) = preSolution
		Debug|Any CPU = Debug|Any CPU
		Release|Any CPU = Release|Any CPU
	EndGlobalSection
	GlobalSection(ProjectConfigurationPlatforms) = postSolution
		{ECC25D0D-A520-41D3-AF6E-CE56043A6AD3}.Debug|Any CPU.ActiveCfg = Debug|Any CPU
		{ECC25D0D-A520-41D3-AF6E-CE56043A6AD3}.Debug|Any CPU.Build.0 = Debug|Any CPU
		{ECC25D0D-A520-41D3-AF6E-CE56043A6AD3}.Release|Any CPU.ActiveCfg = Release|Any CPU
		{ECC25D0D-A520-41D3-AF6E-CE56043A6AD3}.Release|Any CPU.Build.0 = Release|Any CPU
		{5C61CBB5-7032-4714-97BC-92D470A44709}.Debug|Any CPU.ActiveCfg = Debug|Any CPU
		{5C61CBB5-7032-4714-97BC-92D470A44709}.Debug|Any CPU.Build.0 = Debug|Any CPU
		{5C61CBB5-7032-4714-97BC-92D470A44709}.Release|Any CPU.ActiveCfg = Release|Any CPU
		{5C61CBB5-7032-4714-97BC-92D470A44709}.Release|Any CPU.Build.0 = Release|Any CPU
	EndGlobalSection
	GlobalSection(SolutionProperties) = preSolution
		HideSolutionNode = FALSE
	EndGlobalSection
EndGlobal
